
Microsoft Visual Studio Solution File, Format Version 11.00
# Visual Studio 2010
Project("{FAE04EC0-301F-11D3-BF4B-00C04F79EFBC}") = "WebMain", "WebMain\WebMain.csproj", "{2C894E5D-685E-4CE0-80D3-632D8FFD5DEB}"
EndProject
Global
	GlobalSection(SolutionConfigurationPlatforms) = preSolution
		Debug|Any CPU = Debug|Any CPU
		Release|Any CPU = Release|Any CPU
	EndGlobalSection
	GlobalSection(ProjectConfigurationPlatforms) = postSolution
		{2C894E5D-685E-4CE0-80D3-632D8FFD5DEB}.Debug|Any CPU.ActiveCfg = Debug|Any CPU
		{2C894E5D-685E-4CE0-80D3-632D8FFD5DEB}.Debug|Any CPU.Build.0 = Debug|Any CPU
		{2C894E5D-685E-4CE0-80D3-632D8FFD5DEB}.Release|Any CPU.ActiveCfg = Release|Any CPU
		{2C894E5D-685E-4CE0-80D3-632D8FFD5DEB}.Release|Any CPU.Build.0 = Release|Any CPU
	EndGlobalSection
	GlobalSection(SolutionProperties) = preSolution
		HideSolutionNode = FALSE
	EndGlobalSection
EndGlobal
